
Microsoft Visual Studio Solution File, Format Version 12.00
# Visual Studio 15
VisualStudioVersion = 15.0.28307.168
MinimumVisualStudioVersion = 10.0.40219.1
Project("{FAE04EC0-301F-11D3-BF4B-00C04F79EFBC}") = "LED_AD_BOARD_SETUP", "LED_AD_BOARD_SETUP\LED_AD_BOARD_SETUP.csproj", "{EBC37FF6-3501-46D6-B387-1659356859A2}"
EndProject
Global
	GlobalSection(SolutionConfigurationPlatforms) = preSolution
		Debug|Any CPU = Debug|Any CPU
		Release|Any CPU = Release|Any CPU
	EndGlobalSection
	GlobalSection(ProjectConfigurationPlatforms) = postSolution
		{EBC37FF6-3501-46D6-B387-1659356859A2}.Debug|Any CPU.ActiveCfg = Debug|Any CPU
		{EBC37FF6-3501-46D6-B387-1659356859A2}.Debug|Any CPU.Build.0 = Debug|Any CPU
		{EBC37FF6-3501-46D6-B387-1659356859A2}.Release|Any CPU.ActiveCfg = Release|Any CPU
		{EBC37FF6-3501-46D6-B387-1659356859A2}.Release|Any CPU.Build.0 = Release|Any CPU
	EndGlobalSection
	GlobalSection(SolutionProperties) = preSolution
		HideSolutionNode = FALSE
	EndGlobalSection
	GlobalSection(ExtensibilityGlobals) = postSolution
		SolutionGuid = {F7CABCF9-603E-43DB-B1A4-712E1FB7F983}
	EndGlobalSection
EndGlobal
